schema: '2.0'
stages:
  load_data:
    cmd: python src/data/load_data.py --config=params.yaml
    deps:
    - path: data_given/Real_combine.csv
      md5: 936a7baaaf19c969611edf24f16c3ad0
      size: 61870
    - path: src/data/load_data.py
      md5: 03b81db4fc87dd68f786b0a37337b311
      size: 801
    - path: src/data/make_dataset.py
      md5: 3ff4a2cecaf639618897be3c96dad2cd
      size: 589
    outs:
    - path: data/raw/Real_combine.csv
      md5: 4696103505ff74b93561832d5e8b2be3
      size: 59637
  split_data:
    cmd: python src/data/split_data.py --config=params.yaml
    deps:
    - path: data/raw/Real_combine.csv
      md5: 4696103505ff74b93561832d5e8b2be3
      size: 59637
    - path: src/data/split_data.py
      md5: 4a45b05934b068d9742b385e02c44f51
      size: 1038
    outs:
    - path: data/raw/test_data.csv
      md5: 608d0f664c1717a756436f0b6bd69079
      size: 12047
    - path: data/raw/train_data.csv
      md5: 5ede0aa1e112464a8a2a12e5ade03782
      size: 47620
